
Microsoft Visual Studio Solution File, Format Version 12.00
# Visual Studio Version 16
VisualStudioVersion = 16.0.29503.13
MinimumVisualStudioVersion = 10.0.40219.1
Project("{FAE04EC0-301F-11D3-BF4B-00C04F79EFBC}") = "nmind-pcsc-reader", "nmind-pcsc-reader\nmind-pcsc-reader.csproj", "{81820904-D711-46FB-8170-012B39D97340}"
EndProject
Global
	GlobalSection(SolutionConfigurationPlatforms) = preSolution
		Debug|Any CPU = Debug|Any CPU
		Release|Any CPU = Release|Any CPU
	EndGlobalSection
	GlobalSection(ProjectConfigurationPlatforms) = postSolution
		{81820904-D711-46FB-8170-012B39D97340}.Debug|Any CPU.ActiveCfg = Debug|Any CPU
		{81820904-D711-46FB-8170-012B39D97340}.Debug|Any CPU.Build.0 = Debug|Any CPU
		{81820904-D711-46FB-8170-012B39D97340}.Release|Any CPU.ActiveCfg = Release|Any CPU
		{81820904-D711-46FB-8170-012B39D97340}.Release|Any CPU.Build.0 = Release|Any CPU
	EndGlobalSection
	GlobalSection(SolutionProperties) = preSolution
		HideSolutionNode = FALSE
	EndGlobalSection
	GlobalSection(ExtensibilityGlobals) = postSolution
		SolutionGuid = {BBB7CC24-FAF1-42FA-9896-A4D691F33305}
	EndGlobalSection
EndGlobal
